
Microsoft Visual Studio Solution File, Format Version 12.00
# Visual Studio 15
VisualStudioVersion = 15.0.28307.645
MinimumVisualStudioVersion = 10.0.40219.1
Project("{FAE04EC0-301F-11D3-BF4B-00C04F79EFBC}") = "IIMClient", "IIMClient\IIMClient.csproj", "{DC954476-8E4B-4DFA-879A-02676C564A85}"
EndProject
Global
	GlobalSection(SolutionConfigurationPlatforms) = preSolution
		Debug|Any CPU = Debug|Any CPU
		Release|Any CPU = Release|Any CPU
	EndGlobalSection
	GlobalSection(ProjectConfigurationPlatforms) = postSolution
		{DC954476-8E4B-4DFA-879A-02676C564A85}.Debug|Any CPU.ActiveCfg = Debug|Any CPU
		{DC954476-8E4B-4DFA-879A-02676C564A85}.Debug|Any CPU.Build.0 = Debug|Any CPU
		{DC954476-8E4B-4DFA-879A-02676C564A85}.Release|Any CPU.ActiveCfg = Release|Any CPU
		{DC954476-8E4B-4DFA-879A-02676C564A85}.Release|Any CPU.Build.0 = Release|Any CPU
	EndGlobalSection
	GlobalSection(SolutionProperties) = preSolution
		HideSolutionNode = FALSE
	EndGlobalSection
	GlobalSection(ExtensibilityGlobals) = postSolution
		SolutionGuid = {57A5D2FE-3F75-4A8C-8E48-BF287273D614}
	EndGlobalSection
EndGlobal
